
Microsoft Visual Studio Solution File, Format Version 12.00
# Visual Studio Version 17
VisualStudioVersion = 17.5.33516.290
MinimumVisualStudioVersion = 10.0.40219.1
Project("{FAE04EC0-301F-11D3-BF4B-00C04F79EFBC}") = "ExamAngular07", "ExamAngular07\ExamAngular07.csproj", "{5A94B868-64FE-4880-B356-FECB2FD18E7B}"
EndProject
Global
	GlobalSection(SolutionConfigurationPlatforms) = preSolution
		Debug|Any CPU = Debug|Any CPU
		Release|Any CPU = Release|Any CPU
	EndGlobalSection
	GlobalSection(ProjectConfigurationPlatforms) = postSolution
		{5A94B868-64FE-4880-B356-FECB2FD18E7B}.Debug|Any CPU.ActiveCfg = Debug|Any CPU
		{5A94B868-64FE-4880-B356-FECB2FD18E7B}.Debug|Any CPU.Build.0 = Debug|Any CPU
		{5A94B868-64FE-4880-B356-FECB2FD18E7B}.Release|Any CPU.ActiveCfg = Release|Any CPU
		{5A94B868-64FE-4880-B356-FECB2FD18E7B}.Release|Any CPU.Build.0 = Release|Any CPU
	EndGlobalSection
	GlobalSection(SolutionProperties) = preSolution
		HideSolutionNode = FALSE
	EndGlobalSection
	GlobalSection(ExtensibilityGlobals) = postSolution
		SolutionGuid = {475A682A-F146-4D2C-9A75-491098708109}
	EndGlobalSection
EndGlobal
